{
    "_readme": [
        "This file locks the dependencies of your project to a known state",
        "Read more about it at https://getcomposer.org/doc/01-basic-usage.md#composer-lock-the-lock-file",
        "This file is @generated automatically"
    ],
    "hash": "05cff4fe0604154c6f869abb33fce604",
    "content-hash": "7b7bda7d30e2d0011f406919cef2dda0",
    "packages": [
        {
            "name": "league/flysystem",
            "version": "1.0.25",
            "source": {
                "type": "git",
                "url": "https://github.com/thephpleague/flysystem.git",
                "reference": "a76afa4035931be0c78ca8efc6abf3902362f437"
            },
            "dist": {
                "type": "zip",
                "url": "https://api.github.com/repos/thephpleague/flysystem/zipball/a76afa4035931be0c78ca8efc6abf3902362f437",
                "reference": "a76afa4035931be0c78ca8efc6abf3902362f437",
                "shasum": ""
            },
            "require": {
                "php": ">=5.4.0"
            },
            "conflict": {
                "league/flysystem-sftp": "<1.0.6"
            },
            "require-dev": {
                "ext-fileinfo": "*",
                "mockery/mockery": "~0.9",
                "phpspec/phpspec": "^2.2",
                "phpunit/phpunit": "~4.8"
            },
            "suggest": {
                "ext-fileinfo": "Required for MimeType",
                "league/flysystem-aws-s3-v2": "Allows you to use S3 storage with AWS SDK v2",
                "league/flysystem-aws-s3-v3": "Allows you to use S3 storage with AWS SDK v3",
                "league/flysystem-azure": "Allows you to use Windows Azure Blob storage",
                "league/flysystem-cached-adapter": "Flysystem adapter decorator for metadata caching",
                "league/flysystem-copy": "Allows you to use Copy.com storage",
                "league/flysystem-dropbox": "Allows you to use Dropbox storage",
                "league/flysystem-eventable-filesystem": "Allows you to use EventableFilesystem",
                "league/flysystem-rackspace": "Allows you to use Rackspace Cloud Files",
                "league/flysystem-sftp": "Allows you to use SFTP server storage via phpseclib",
                "league/flysystem-webdav": "Allows you to use WebDAV storage",
                "league/flysystem-ziparchive": "Allows you to use ZipArchive adapter"
            },
            "type": "library",
            "extra": {
                "branch-alias": {
                    "dev-master": "1.1-dev"
                }
            },
            "autoload": {
                "psr-4": {
                    "League\\Flysystem\\": "src/"
                }
            },
            "notification-url": "https://packagist.org/downloads/",
            "license": [
                "MIT"
            ],
            "authors": [
                {
                    "name": "Frank de Jonge",
                    "email": "info@frenky.net"
                }
            ],
            "description": "Filesystem abstraction: Many filesystems, one API.",
            "keywords": [
                "Cloud Files",
                "WebDAV",
                "abstraction",
                "aws",
                "cloud",
                "copy.com",
                "dropbox",
                "file systems",
                "files",
                "filesystem",
                "filesystems",
                "ftp",
                "rackspace",
                "remote",
                "s3",
                "sftp",
                "storage"
            ],
            "time": "2016-07-18 12:22:57"
        },
        {
            "name": "pimple/pimple",
            "version": "v3.0.2",
            "source": {
                "type": "git",
                "url": "https://github.com/silexphp/Pimple.git",
                "reference": "a30f7d6e57565a2e1a316e1baf2a483f788b258a"
            },
            "dist": {
                "type": "zip",
                "url": "https://api.github.com/repos/silexphp/Pimple/zipball/a30f7d6e57565a2e1a316e1baf2a483f788b258a",
                "reference": "a30f7d6e57565a2e1a316e1baf2a483f788b258a",
                "shasum": ""
            },
            "require": {
                "php": ">=5.3.0"
            },
            "type": "library",
            "extra": {
                "branch-alias": {
                    "dev-master": "3.0.x-dev"
                }
            },
            "autoload": {
                "psr-0": {
                    "Pimple": "src/"
                }
            },
            "notification-url": "https://packagist.org/downloads/",
            "license": [
                "MIT"
            ],
            "authors": [
                {
                    "name": "Fabien Potencier",
                    "email": "fabien@symfony.com"
                }
            ],
            "description": "Pimple, a simple Dependency Injection Container",
            "homepage": "http://pimple.sensiolabs.org",
            "keywords": [
                "container",
                "dependency injection"
            ],
            "time": "2015-09-11 15:10:35"
        },
        {
            "name": "symfony/console",
            "version": "v3.1.3",
            "source": {
                "type": "git",
                "url": "https://github.com/symfony/console.git",
                "reference": "f9e638e8149e9e41b570ff092f8007c477ef0ce5"
            },
            "dist": {
                "type": "zip",
                "url": "https://api.github.com/repos/symfony/console/zipball/f9e638e8149e9e41b570ff092f8007c477ef0ce5",
                "reference": "f9e638e8149e9e41b570ff092f8007c477ef0ce5",
                "shasum": ""
            },
            "require": {
                "php": ">=5.5.9",
                "symfony/polyfill-mbstring": "~1.0"
            },
            "require-dev": {
                "psr/log": "~1.0",
                "symfony/event-dispatcher": "~2.8|~3.0",
                "symfony/process": "~2.8|~3.0"
            },
            "suggest": {
                "psr/log": "For using the console logger",
                "symfony/event-dispatcher": "",
                "symfony/process": ""
            },
            "type": "library",
            "extra": {
                "branch-alias": {
                    "dev-master": "3.1-dev"
                }
            },
            "autoload": {
                "psr-4": {
                    "Symfony\\Component\\Console\\": ""
                },
                "exclude-from-classmap": [
                    "/Tests/"
                ]
            },
            "notification-url": "https://packagist.org/downloads/",
            "license": [
                "MIT"
            ],
            "authors": [
                {
                    "name": "Fabien Potencier",
                    "email": "fabien@symfony.com"
                },
                {
                    "name": "Symfony Community",
                    "homepage": "https://symfony.com/contributors"
                }
            ],
            "description": "Symfony Console Component",
            "homepage": "https://symfony.com",
            "time": "2016-07-26 08:04:17"
        },
        {
            "name": "symfony/polyfill-mbstring",
            "version": "v1.2.0",
            "source": {
                "type": "git",
                "url": "https://github.com/symfony/polyfill-mbstring.git",
                "reference": "dff51f72b0706335131b00a7f49606168c582594"
            },
            "dist": {
                "type": "zip",
                "url": "https://api.github.com/repos/symfony/polyfill-mbstring/zipball/dff51f72b0706335131b00a7f49606168c582594",
                "reference": "dff51f72b0706335131b00a7f49606168c582594",
                "shasum": ""
            },
            "require": {
                "php": ">=5.3.3"
            },
            "suggest": {
                "ext-mbstring": "For best performance"
            },
            "type": "library",
            "extra": {
                "branch-alias": {
                    "dev-master": "1.2-dev"
                }
            },
            "autoload": {
                "psr-4": {
                    "Symfony\\Polyfill\\Mbstring\\": ""
                },
                "files": [
                    "bootstrap.php"
                ]
            },
            "notification-url": "https://packagist.org/downloads/",
            "license": [
                "MIT"
            ],
            "authors": [
                {
                    "name": "Nicolas Grekas",
                    "email": "p@tchwork.com"
                },
                {
                    "name": "Symfony Community",
                    "homepage": "https://symfony.com/contributors"
                }
            ],
            "description": "Symfony polyfill for the Mbstring extension",
            "homepage": "https://symfony.com",
            "keywords": [
                "compatibility",
                "mbstring",
                "polyfill",
                "portable",
                "shim"
            ],
            "time": "2016-05-18 14:26:46"
        },
        {
            "name": "symfony/yaml",
            "version": "v3.1.3",
            "source": {
                "type": "git",
                "url": "https://github.com/symfony/yaml.git",
                "reference": "1819adf2066880c7967df7180f4f662b6f0567ac"
            },
            "dist": {
                "type": "zip",
                "url": "https://api.github.com/repos/symfony/yaml/zipball/1819adf2066880c7967df7180f4f662b6f0567ac",
                "reference": "1819adf2066880c7967df7180f4f662b6f0567ac",
                "shasum": ""
            },
            "require": {
                "php": ">=5.5.9"
            },
            "type": "library",
            "extra": {
                "branch-alias": {
                    "dev-master": "3.1-dev"
                }
            },
            "autoload": {
                "psr-4": {
                    "Symfony\\Component\\Yaml\\": ""
                },
                "exclude-from-classmap": [
                    "/Tests/"
                ]
            },
            "notification-url": "https://packagist.org/downloads/",
            "license": [
                "MIT"
            ],
            "authors": [
                {
                    "name": "Fabien Potencier",
                    "email": "fabien@symfony.com"
                },
                {
                    "name": "Symfony Community",
                    "homepage": "https://symfony.com/contributors"
                }
            ],
            "description": "Symfony Yaml Component",
            "homepage": "https://symfony.com",
            "time": "2016-07-17 14:02:08"
        }
    ],
    "packages-dev": [],
    "aliases": [],
    "minimum-stability": "stable",
    "stability-flags": [],
    "prefer-stable": false,
    "prefer-lowest": false,
    "platform": [],
    "platform-dev": []
}
